
Microsoft Visual Studio Solution File, Format Version 12.00
# Visual Studio Version 17
VisualStudioVersion = 17.13.35818.85
MinimumVisualStudioVersion = 10.0.40219.1
Project("{FAE04EC0-301F-11D3-BF4B-00C04F79EFBC}") = "Ship.Ses.Transmitter.Application", "Ship.Ses.Transmitter\src\Ship.Ses.Transmitter.Application\Ship.Ses.Transmitter.Application.csproj", "{B967C35D-33B4-4CA6-9BAB-BB1504B7160F}"
EndProject
Project("{FAE04EC0-301F-11D3-BF4B-00C04F79EFBC}") = "Ship.Ses.Transmitter.Domain", "Ship.Ses.Transmitter\src\Ship.Ses.Transmitter.Domain\Ship.Ses.Transmitter.Domain.csproj", "{58937C37-4A4D-483B-BCE0-C6BC4A45B5ED}"
EndProject
Project("{FAE04EC0-301F-11D3-BF4B-00C04F79EFBC}") = "Ship.Ses.Transmitter.Infrastructure", "Ship.Ses.Transmitter\src\Ship.Ses.Transmitter.Infrastructure\Ship.Ses.Transmitter.Infrastructure.csproj", "{3BFC5B00-F84F-490B-AB82-59C6B352E3C7}"
EndProject
Project("{FAE04EC0-301F-11D3-BF4B-00C04F79EFBC}") = "Ship.Ses.Transmitter.WebApi", "Ship.Ses.Transmitter\src\Ship.Ses.Transmitter.WebApi\Ship.Ses.Transmitter.WebApi.csproj", "{7A23AD77-CF9B-4AA8-ADD1-AA4061D8AEE6}"
EndProject
Project("{FAE04EC0-301F-11D3-BF4B-00C04F79EFBC}") = "Ship.Ses.Transmitter.Application.UnitTests", "Ship.Ses.Transmitter\tests\Ship.Ses.Transmitter.Application.UnitTests\Ship.Ses.Transmitter.Application.UnitTests.csproj", "{20239209-8B7C-4D41-AD61-6C43F13379F3}"
EndProject
Project("{FAE04EC0-301F-11D3-BF4B-00C04F79EFBC}") = "Ship.Ses.Transmitter.Domain.UnitTests", "Ship.Ses.Transmitter\tests\Ship.Ses.Transmitter.Domain.UnitTests\Ship.Ses.Transmitter.Domain.UnitTests.csproj", "{D7E19EB5-185A-4EEA-B41F-FA0CA337D1A3}"
EndProject
Project("{FAE04EC0-301F-11D3-BF4B-00C04F79EFBC}") = "Ship.Ses.Transmitter.Infrastructure.UnitTests", "Ship.Ses.Transmitter\tests\Ship.Ses.Transmitter.Infrastructure.UnitTests\Ship.Ses.Transmitter.Infrastructure.UnitTests.csproj", "{3B90B15F-109A-4593-9168-66F9CEF72752}"
EndProject
Project("{FAE04EC0-301F-11D3-BF4B-00C04F79EFBC}") = "Ship.Ses.Transmitter.Worker", "Ship.Ses.Transmitter\src\Ship.Ses.Transmitter.Service\Ship.Ses.Transmitter.Worker\Ship.Ses.Transmitter.Worker.csproj", "{AA890186-3E99-4F17-AE49-7938256D8531}"
EndProject
Project("{2150E333-8FDC-42A3-9474-1A3956D46DE8}") = "other_scripts", "other_scripts", "{02EA681E-C7D8-13C7-8484-4AC65E1B71E8}"
	ProjectSection(SolutionItems) = preProject
		sample_data_gen.py = sample_data_gen.py
	EndProjectSection
EndProject
Global
	GlobalSection(SolutionConfigurationPlatforms) = preSolution
		Debug|Any CPU = Debug|Any CPU
		Release|Any CPU = Release|Any CPU
	EndGlobalSection
	GlobalSection(ProjectConfigurationPlatforms) = postSolution
		{B967C35D-33B4-4CA6-9BAB-BB1504B7160F}.Debug|Any CPU.ActiveCfg = Debug|Any CPU
		{B967C35D-33B4-4CA6-9BAB-BB1504B7160F}.Debug|Any CPU.Build.0 = Debug|Any CPU
		{B967C35D-33B4-4CA6-9BAB-BB1504B7160F}.Release|Any CPU.ActiveCfg = Release|Any CPU
		{B967C35D-33B4-4CA6-9BAB-BB1504B7160F}.Release|Any CPU.Build.0 = Release|Any CPU
		{58937C37-4A4D-483B-BCE0-C6BC4A45B5ED}.Debug|Any CPU.ActiveCfg = Debug|Any CPU
		{58937C37-4A4D-483B-BCE0-C6BC4A45B5ED}.Debug|Any CPU.Build.0 = Debug|Any CPU
		{58937C37-4A4D-483B-BCE0-C6BC4A45B5ED}.Release|Any CPU.ActiveCfg = Release|Any CPU
		{58937C37-4A4D-483B-BCE0-C6BC4A45B5ED}.Release|Any CPU.Build.0 = Release|Any CPU
		{3BFC5B00-F84F-490B-AB82-59C6B352E3C7}.Debug|Any CPU.ActiveCfg = Debug|Any CPU
		{3BFC5B00-F84F-490B-AB82-59C6B352E3C7}.Debug|Any CPU.Build.0 = Debug|Any CPU
		{3BFC5B00-F84F-490B-AB82-59C6B352E3C7}.Release|Any CPU.ActiveCfg = Release|Any CPU
		{3BFC5B00-F84F-490B-AB82-59C6B352E3C7}.Release|Any CPU.Build.0 = Release|Any CPU
		{7A23AD77-CF9B-4AA8-ADD1-AA4061D8AEE6}.Debug|Any CPU.ActiveCfg = Debug|Any CPU
		{7A23AD77-CF9B-4AA8-ADD1-AA4061D8AEE6}.Debug|Any CPU.Build.0 = Debug|Any CPU
		{7A23AD77-CF9B-4AA8-ADD1-AA4061D8AEE6}.Release|Any CPU.ActiveCfg = Release|Any CPU
		{7A23AD77-CF9B-4AA8-ADD1-AA4061D8AEE6}.Release|Any CPU.Build.0 = Release|Any CPU
		{20239209-8B7C-4D41-AD61-6C43F13379F3}.Debug|Any CPU.ActiveCfg = Debug|Any CPU
		{20239209-8B7C-4D41-AD61-6C43F13379F3}.Debug|Any CPU.Build.0 = Debug|Any CPU
		{20239209-8B7C-4D41-AD61-6C43F13379F3}.Release|Any CPU.ActiveCfg = Release|Any CPU
		{20239209-8B7C-4D41-AD61-6C43F13379F3}.Release|Any CPU.Build.0 = Release|Any CPU
		{D7E19EB5-185A-4EEA-B41F-FA0CA337D1A3}.Debug|Any CPU.ActiveCfg = Debug|Any CPU
		{D7E19EB5-185A-4EEA-B41F-FA0CA337D1A3}.Debug|Any CPU.Build.0 = Debug|Any CPU
		{D7E19EB5-185A-4EEA-B41F-FA0CA337D1A3}.Release|Any CPU.ActiveCfg = Release|Any CPU
		{D7E19EB5-185A-4EEA-B41F-FA0CA337D1A3}.Release|Any CPU.Build.0 = Release|Any CPU
		{3B90B15F-109A-4593-9168-66F9CEF72752}.Debug|Any CPU.ActiveCfg = Debug|Any CPU
		{3B90B15F-109A-4593-9168-66F9CEF72752}.Debug|Any CPU.Build.0 = Debug|Any CPU
		{3B90B15F-109A-4593-9168-66F9CEF72752}.Release|Any CPU.ActiveCfg = Release|Any CPU
		{3B90B15F-109A-4593-9168-66F9CEF72752}.Release|Any CPU.Build.0 = Release|Any CPU
		{AA890186-3E99-4F17-AE49-7938256D8531}.Debug|Any CPU.ActiveCfg = Debug|Any CPU
		{AA890186-3E99-4F17-AE49-7938256D8531}.Debug|Any CPU.Build.0 = Debug|Any CPU
		{AA890186-3E99-4F17-AE49-7938256D8531}.Release|Any CPU.ActiveCfg = Release|Any CPU
		{AA890186-3E99-4F17-AE49-7938256D8531}.Release|Any CPU.Build.0 = Release|Any CPU
	EndGlobalSection
	GlobalSection(SolutionProperties) = preSolution
		HideSolutionNode = FALSE
	EndGlobalSection
	GlobalSection(ExtensibilityGlobals) = postSolution
		SolutionGuid = {C75743FC-0F6C-4855-93CE-2B3EBBB3F53D}
	EndGlobalSection
EndGlobal
